// !$*UTF8*$!
{
	archiveVersion = 1;
	classes = {
	};
	objectVersion = 48;
	objects = {

/* Begin PBXBuildFile section */
		96C495471FE8001C0027FCC3 /* AppDelegate.m in Sources */ = {isa = PBXBuildFile; fileRef = 96C495461FE8001C0027FCC3 /* AppDelegate.m */; };
		96C4954A1FE8001C0027FCC3 /* ViewController.m in Sources */ = {isa = PBXBuildFile; fileRef = 96C495491FE8001C0027FCC3 /* ViewController.m */; };
		96C4954D1FE8001C0027FCC3 /* Main.storyboard in Resources */ = {isa = PBXBuildFile; fileRef = 96C4954B1FE8001C0027FCC3 /* Main.storyboard */; };
		96C4954F1FE8001C0027FCC3 /* Assets.xcassets in Resources */ = {isa = PBXBuildFile; fileRef = 96C4954E1FE8001C0027FCC3 /* Assets.xcassets */; };
		96C495521FE8001C0027FCC3 /* LaunchScreen.storyboard in Resources */ = {isa = PBXBuildFile; fileRef = 96C495501FE8001C0027FCC3 /* LaunchScreen.storyboard */; };
		96C495551FE8001C0027FCC3 /* main.mm in Sources */ = {isa = PBXBuildFile; fileRef = 96C495541FE8001C0027FCC3 /* main.mm */; };
/* End PBXBuildFile section */

/* Begin PBXFileReference section */
		96C495421FE8001C0027FCC3 /* Algorithm.app */ = {isa = PBXFileReference; explicitFileType = wrapper.application; includeInIndex = 0; path = Algorithm.app; sourceTree = BUILT_PRODUCTS_DIR; };
		96C495451FE8001C0027FCC3 /* AppDelegate.h */ = {isa = PBXFileReference; lastKnownFileType = sourcecode.c.h; path = AppDelegate.h; sourceTree = "<group>"; };
		96C495461FE8001C0027FCC3 /* AppDelegate.m */ = {isa = PBXFileReference; lastKnownFileType = sourcecode.c.objc; path = AppDelegate.m; sourceTree = "<group>"; };
		96C495481FE8001C0027FCC3 /* ViewController.h */ = {isa = PBXFileReference; lastKnownFileType = sourcecode.c.h; path = ViewController.h; sourceTree = "<group>"; };
		96C495491FE8001C0027FCC3 /* ViewController.m */ = {isa = PBXFileReference; lastKnownFileType = sourcecode.c.objc; path = ViewController.m; sourceTree = "<group>"; };
		96C4954C1FE8001C0027FCC3 /* Base */ = {isa = PBXFileReference; lastKnownFileType = file.storyboard; name = Base; path = Base.lproj/Main.storyboard; sourceTree = "<group>"; };
		96C4954E1FE8001C0027FCC3 /* Assets.xcassets */ = {isa = PBXFileReference; lastKnownFileType = folder.assetcatalog; path = Assets.xcassets; sourceTree = "<group>"; };
		96C495511FE8001C0027FCC3 /* Base */ = {isa = PBXFileReference; lastKnownFileType = file.storyboard; name = Base; path = Base.lproj/LaunchScreen.storyboard; sourceTree = "<group>"; };
		96C495531FE8001C0027FCC3 /* Info.plist */ = {isa = PBXFileReference; lastKnownFileType = text.plist.xml; path = Info.plist; sourceTree = "<group>"; };
		96C495541FE8001C0027FCC3 /* main.mm */ = {isa = PBXFileReference; lastKnownFileType = sourcecode.cpp.objcpp; path = main.mm; sourceTree = "<group>"; };
		96C4955B1FE802F20027FCC3 /* SortTestHelper.h */ = {isa = PBXFileReference; lastKnownFileType = sourcecode.c.h; path = SortTestHelper.h; sourceTree = "<group>"; };
/* End PBXFileReference section */

/* Begin PBXFrameworksBuildPhase section */
		96C4953F1FE8001C0027FCC3 /* Frameworks */ = {
			isa = PBXFrameworksBuildPhase;
			buildActionMask = 2147483647;
			files = (
			);
			runOnlyForDeploymentPostprocessing = 0;
		};
/* End PBXFrameworksBuildPhase section */

/* Begin PBXGroup section */
		96C495391FE8001C0027FCC3 = {
			isa = PBXGroup;
			children = (
				96C495441FE8001C0027FCC3 /* Algorithm */,
				96C495431FE8001C0027FCC3 /* Products */,
			);
			sourceTree = "<group>";
		};
		96C495431FE8001C0027FCC3 /* Products */ = {
			isa = PBXGroup;
			children = (
				96C495421FE8001C0027FCC3 /* Algorithm.app */,
			);
			name = Products;
			sourceTree = "<group>";
		};
		96C495441FE8001C0027FCC3 /* Algorithm */ = {
			isa = PBXGroup;
			children = (
				96C495451FE8001C0027FCC3 /* AppDelegate.h */,
				96C495461FE8001C0027FCC3 /* AppDelegate.m */,
				96C495481FE8001C0027FCC3 /* ViewController.h */,
				96C495491FE8001C0027FCC3 /* ViewController.m */,
				96C4954B1FE8001C0027FCC3 /* Main.storyboard */,
				96C4954E1FE8001C0027FCC3 /* Assets.xcassets */,
				96C495501FE8001C0027FCC3 /* LaunchScreen.storyboard */,
				96C495531FE8001C0027FCC3 /* Info.plist */,
				96C495541FE8001C0027FCC3 /* main.mm */,
				96C4955B1FE802F20027FCC3 /* SortTestHelper.h */,
			);
			path = Algorithm;
			sourceTree = "<group>";
		};
/* End PBXGroup section */

/* Begin PBXNativeTarget section */
		96C495411FE8001C0027FCC3 /* Algorithm */ = {
			isa = PBXNativeTarget;
			buildConfigurationList = 96C495581FE8001C0027FCC3 /* Build configuration list for PBXNativeTarget "Algorithm" */;
			buildPhases = (
				96C4953E1FE8001C0027FCC3 /* Sources */,
				96C4953F1FE8001C0027FCC3 /* Frameworks */,
				96C495401FE8001C0027FCC3 /* Resources */,
			);
			buildRules = (
			);
			dependencies = (
			);
			name = Algorithm;
			productName = Algorithm;
			productReference = 96C495421FE8001C0027FCC3 /* Algorithm.app */;
			productType = "com.apple.product-type.application";
		};
/* End PBXNativeTarget section */

/* Begin PBXProject section */
		96C4953A1FE8001C0027FCC3 /* Project object */ = {
			isa = PBXProject;
			attributes = {
				LastUpgradeCheck = 0910;
				ORGANIZATIONNAME = ifelseboyxx;
				TargetAttributes = {
					96C495411FE8001C0027FCC3 = {
						CreatedOnToolsVersion = 9.1;
						ProvisioningStyle = Automatic;
					};
				};
			};
			buildConfigurationList = 96C4953D1FE8001C0027FCC3 /* Build configuration list for PBXProject "Algorithm" */;
			compatibilityVersion = "Xcode 8.0";
			developmentRegion = en;
			hasScannedForEncodings = 0;
			knownRegions = (
				en,
				Base,
			);
			mainGroup = 96C495391FE8001C0027FCC3;
			productRefGroup = 96C495431FE8001C0027FCC3 /* Products */;
			projectDirPath = "";
			projectRoot = "";
			targets = (
				96C495411FE8001C0027FCC3 /* Algorithm */,
			);
		};
/* End PBXProject section */

/* Begin PBXResourcesBuildPhase section */
		96C495401FE8001C0027FCC3 /* Resources */ = {
			isa = PBXResourcesBuildPhase;
			buildActionMask = 2147483647;
			files = (
				96C495521FE8001C0027FCC3 /* LaunchScreen.storyboard in Resources */,
				96C4954F1FE8001C0027FCC3 /* Assets.xcassets in Resources */,
				96C4954D1FE8001C0027FCC3 /* Main.storyboard in Resources */,
			);
			runOnlyForDeploymentPostprocessing = 0;
		};
/* End PBXResourcesBuildPhase section */

/* Begin PBXSourcesBuildPhase section */
		96C4953E1FE8001C0027FCC3 /* Sources */ = {
			isa = PBXSourcesBuildPhase;
			buildActionMask = 2147483647;
			files = (
				96C4954A1FE8001C0027FCC3 /* ViewController.m in Sources */,
				96C495551FE8001C0027FCC3 /* main.mm in Sources */,
				96C495471FE8001C0027FCC3 /* AppDelegate.m in Sources */,
			);
			runOnlyForDeploymentPostprocessing = 0;
		};
/* End PBXSourcesBuildPhase section */

/* Begin PBXVariantGroup section */
		96C4954B1FE8001C0027FCC3 /* Main.storyboard */ = {
			isa = PBXVariantGroup;
			children = (
				96C4954C1FE8001C0027FCC3 /* Base */,
			);
			name = Main.storyboard;
			sourceTree = "<group>";
		};
		96C495501FE8001C0027FCC3 /* LaunchScreen.storyboard */ = {
			isa = PBXVariantGroup;
			children = (
				96C495511FE8001C0027FCC3 /* Base */,
			);
			name = LaunchScreen.storyboard;
			sourceTree = "<group>";
		};
/* End PBXVariantGroup section */

/* Begin XCBuildConfiguration section */
		96C495561FE8001C0027FCC3 /* Debug */ = {
			isa = XCBuildConfiguration;
			buildSettings = {
				ALWAYS_SEARCH_USER_PATHS = NO;
				CLANG_ANALYZER_NONNULL = YES;
				CLANG_ANALYZER_NUMBER_OBJECT_CONVERSION = YES_AGGRESSIVE;
				CLANG_CXX_LANGUAGE_STANDARD = "gnu++14";
				CLANG_CXX_LIBRARY = "libc++";
				CLANG_ENABLE_MODULES = YES;
				CLANG_ENABLE_OBJC_ARC = YES;
				CLANG_WARN_BLOCK_CAPTURE_AUTORELEASING = YES;
				CLANG_WARN_BOOL_CONVERSION = YES;
				CLANG_WARN_COMMA = YES;
				CLANG_WARN_CONSTANT_CONVERSION = YES;
				CLANG_WARN_DIRECT_OBJC_ISA_USAGE = YES_ERROR;
				CLANG_WARN_DOCUMENTATION_COMMENTS = YES;
				CLANG_WARN_EMPTY_BODY = YES;
				CLANG_WARN_ENUM_CONVERSION = YES;
				CLANG_WARN_INFINITE_RECURSION = YES;
				CLANG_WARN_INT_CONVERSION = YES;
				CLANG_WARN_NON_LITERAL_NULL_CONVERSION = YES;
				CLANG_WARN_OBJC_LITERAL_CONVERSION = YES;
				CLANG_WARN_OBJC_ROOT_CLASS = YES_ERROR;
				CLANG_WARN_RANGE_LOOP_ANALYSIS = YES;
				CLANG_WARN_STRICT_PROTOTYPES = YES;
				CLANG_WARN_SUSPICIOUS_MOVE = YES;
				CLANG_WARN_UNGUARDED_AVAILABILITY = YES_AGGRESSIVE;
				CLANG_WARN_UNREACHABLE_CODE = YES;
				CLANG_WARN__DUPLICATE_METHOD_MATCH = YES;
				CODE_SIGN_IDENTITY = "iPhone Developer";
				COPY_PHASE_STRIP = NO;
				DEBUG_INFORMATION_FORMAT = dwarf;
				ENABLE_STRICT_OBJC_MSGSEND = YES;
				ENABLE_TESTABILITY = YES;
				GCC_C_LANGUAGE_STANDARD = gnu11;
				GCC_DYNAMIC_NO_PIC = NO;
				GCC_NO_COMMON_BLOCKS = YES;
				GCC_OPTIMIZATION_LEVEL = 0;
				GCC_PREPROCESSOR_DEFINITIONS = (
					"DEBUG=1",
					"$(inherited)",
				);
				GCC_WARN_64_TO_32_BIT_CONVERSION = YES;
				GCC_WARN_ABOUT_RETURN_TYPE = YES_ERROR;
				GCC_WARN_UNDECLARED_SELECTOR = YES;
				GCC_WARN_UNINITIALIZED_AUTOS = YES_AGGRESSIVE;
				GCC_WARN_UNUSED_FUNCTION = YES;
				GCC_WARN_UNUSED_VARIABLE = YES;
				IPHONEOS_DEPLOYMENT_TARGET = 11.1;
				MTL_ENABLE_DEBUG_INFO = YES;
				ONLY_ACTIVE_ARCH = YES;
				SDKROOT = iphoneos;
			};
			name = Debug;
		};
		96C495571FE8001C0027FCC3 /* Release */ = {
			isa = XCBuildConfiguration;
			buildSettings = {
				ALWAYS_SEARCH_USER_PATHS = NO;
				CLANG_ANALYZER_NONNULL = YES;
				CLANG_ANALYZER_NUMBER_OBJECT_CONVERSION = YES_AGGRESSIVE;
				CLANG_CXX_LANGUAGE_STANDARD = "gnu++14";
				CLANG_CXX_LIBRARY = "libc++";
				CLANG_ENABLE_MODULES = YES;
				CLANG_ENABLE_OBJC_ARC = YES;
				CLANG_WARN_BLOCK_CAPTURE_AUTORELEASING = YES;
				CLANG_WARN_BOOL_CONVERSION = YES;
				CLANG_WARN_COMMA = YES;
				CLANG_WARN_CONSTANT_CONVERSION = YES;
				CLANG_WARN_DIRECT_OBJC_ISA_USAGE = YES_ERROR;
				CLANG_WARN_DOCUMENTATION_COMMENTS = YES;
				CLANG_WARN_EMPTY_BODY = YES;
				CLANG_WARN_ENUM_CONVERSION = YES;
				CLANG_WARN_INFINITE_RECURSION = YES;
				CLANG_WARN_INT_CONVERSION = YES;
				CLANG_WARN_NON_LITERAL_NULL_CONVERSION = YES;
				CLANG_WARN_OBJC_LITERAL_CONVERSION = YES;
				CLANG_WARN_OBJC_ROOT_CLASS = YES_ERROR;
				CLANG_WARN_RANGE_LOOP_ANALYSIS = YES;
				CLANG_WARN_STRICT_PROTOTYPES = YES;
				CLANG_WARN_SUSPICIOUS_MOVE = YES;
				CLANG_WARN_UNGUARDED_AVAILABILITY = YES_AGGRESSIVE;
				CLANG_WARN_UNREACHABLE_CODE = YES;
				CLANG_WARN__DUPLICATE_METHOD_MATCH = YES;
				CODE_SIGN_IDENTITY = "iPhone Developer";
				COPY_PHASE_STRIP = NO;
				DEBUG_INFORMATION_FORMAT = "dwarf-with-dsym";
				ENABLE_NS_ASSERTIONS = NO;
				ENABLE_STRICT_OBJC_MSGSEND = YES;
				GCC_C_LANGUAGE_STANDARD = gnu11;
				GCC_NO_COMMON_BLOCKS = YES;
				GCC_WARN_64_TO_32_BIT_CONVERSION = YES;
				GCC_WARN_ABOUT_RETURN_TYPE = YES_ERROR;
				GCC_WARN_UNDECLARED_SELECTOR = YES;
				GCC_WARN_UNINITIALIZED_AUTOS = YES_AGGRESSIVE;
				GCC_WARN_UNUSED_FUNCTION = YES;
				GCC_WARN_UNUSED_VARIABLE = YES;
				IPHONEOS_DEPLOYMENT_TARGET = 11.1;
				MTL_ENABLE_DEBUG_INFO = NO;
				SDKROOT = iphoneos;
				VALIDATE_PRODUCT = YES;
			};
			name = Release;
		};
		96C495591FE8001C0027FCC3 /* Debug */ = {
			isa = XCBuildConfiguration;
			buildSettings = {
				ASSETCATALOG_COMPILER_APPICON_NAME = AppIcon;
				CODE_SIGN_STYLE = Automatic;
				INFOPLIST_FILE = Algorithm/Info.plist;
				LD_RUNPATH_SEARCH_PATHS = "$(inherited) @executable_path/Frameworks";
				PRODUCT_BUNDLE_IDENTIFIER = ifelseboyxx.com.Algorithm;
				PRODUCT_NAME = "$(TARGET_NAME)";
				TARGETED_DEVICE_FAMILY = "1,2";
			};
			name = Debug;
		};
		96C4955A1FE8001C0027FCC3 /* Release */ = {
			isa = XCBuildConfiguration;
			buildSettings = {
				ASSETCATALOG_COMPILER_APPICON_NAME = AppIcon;
				CODE_SIGN_STYLE = Automatic;
				INFOPLIST_FILE = Algorithm/Info.plist;
				LD_RUNPATH_SEARCH_PATHS = "$(inherited) @executable_path/Frameworks";
				PRODUCT_BUNDLE_IDENTIFIER = ifelseboyxx.com.Algorithm;
				PRODUCT_NAME = "$(TARGET_NAME)";
				TARGETED_DEVICE_FAMILY = "1,2";
			};
			name = Release;
		};
/* End XCBuildConfiguration section */

/* Begin XCConfigurationList section */
		96C4953D1FE8001C0027FCC3 /* Build configuration list for PBXProject "Algorithm" */ = {
			isa = XCConfigurationList;
			buildConfigurations = (
				96C495561FE8001C0027FCC3 /* Debug */,
				96C495571FE8001C0027FCC3 /* Release */,
			);
			defaultConfigurationIsVisible = 0;
			defaultConfigurationName = Release;
		};
		96C495581FE8001C0027FCC3 /* Build configuration list for PBXNativeTarget "Algorithm" */ = {
			isa = XCConfigurationList;
			buildConfigurations = (
				96C495591FE8001C0027FCC3 /* Debug */,
				96C4955A1FE8001C0027FCC3 /* Release */,
			);
			defaultConfigurationIsVisible = 0;
			defaultConfigurationName = Release;
		};
/* End XCConfigurationList section */
	};
	rootObject = 96C4953A1FE8001C0027FCC3 /* Project object */;
}
